
Microsoft Visual Studio Solution File, Format Version 12.00
# Visual Studio 2012
Project("{FAE04EC0-301F-11D3-BF4B-00C04F79EFBC}") = "AgateNomad", "AgateNomad\AgateNomad.csproj", "{9FC8AF53-284C-4FAF-A9F8-B843254CEB84}"
EndProject
Global
	GlobalSection(CodealikeProperties) = postSolution
		SolutionGuid = af3b8a2e-c56a-4f57-ae22-07643bceda90
	EndGlobalSection
	GlobalSection(SolutionConfigurationPlatforms) = preSolution
		Debug|Any CPU = Debug|Any CPU
		Release|Any CPU = Release|Any CPU
	EndGlobalSection
	GlobalSection(ProjectConfigurationPlatforms) = postSolution
		{9FC8AF53-284C-4FAF-A9F8-B843254CEB84}.Debug|Any CPU.ActiveCfg = Debug|Any CPU
		{9FC8AF53-284C-4FAF-A9F8-B843254CEB84}.Debug|Any CPU.Build.0 = Debug|Any CPU
		{9FC8AF53-284C-4FAF-A9F8-B843254CEB84}.Release|Any CPU.ActiveCfg = Release|Any CPU
		{9FC8AF53-284C-4FAF-A9F8-B843254CEB84}.Release|Any CPU.Build.0 = Release|Any CPU
	EndGlobalSection
	GlobalSection(SolutionProperties) = preSolution
		HideSolutionNode = FALSE
	EndGlobalSection
EndGlobal
